Microsoft Visual Studio Solution File, Format Version 12.00
# Visual Studio Version 17
VisualStudioVersion = 17.0.31912.275
MinimumVisualStudioVersion = 10.0.40219.1
Project("{FAE04EC0-301F-11D3-BF4B-00C04F79EFBC}") = "GreenCityBuilder.UI", "GreenCityBuilder.UI\GreenCityBuilder.UI.csproj", "{D375A48B-0E12-4E76-926A-3B6116985B9D}"
EndProject
Global
	GlobalSection(SolutionConfigurationPlatforms) = preSolution
		Debug|Any CPU = Debug|Any CPU
		Release|Any CPU = Release|Any CPU
	EndGlobalSection
	GlobalSection(ProjectConfigurationPlatforms) = postSolution
		{D375A48B-0E12-4E76-926A-3B6116985B9D}.Debug|Any CPU.ActiveCfg = Debug|Any CPU
		{D375A48B-0E12-4E76-926A-3B6116985B9D}.Debug|Any CPU.Build.0 = Debug|Any CPU
		{D375A48B-0E12-4E76-926A-3B6116985B9D}.Release|Any CPU.ActiveCfg = Release|Any CPU
		{D375A48B-0E12-4E76-926A-3B6116985B9D}.Release|Any CPU.Build.0 = Release|Any CPU
	EndGlobalSection
	GlobalSection(SolutionProperties) = preSolution
		HideSolutionNode = FALSE
	EndGlobalSection
	GlobalSection(ExtensibilityGlobals) = postSolution
		SolutionGuid = {6CA0909C-38BB-4C4B-B8EA-C9DFE9C01B64}
	EndGlobalSection
EndGlobal
